<?xml version="1.0" encoding="utf-8"?>
<Project ToolsVersion="4.0" xmlns="http://schemas.microsoft.com/developer/msbuild/2003">
  <ItemGroup>
    <Filter Include="Source Files">
      <UniqueIdentifier>{4FC737F1-C7A5-4376-A066-2A32D752A2FF}</UniqueIdentifier>
      <Extensions>cpp;c;cc;cxx;def;odl;idl;hpj;bat;asm;asmx</Extensions>
    </Filter>
    <Filter Include="Header Files">
      <UniqueIdentifier>{93995380-89BD-4b04-88EB-625FBE52EBFB}</UniqueIdentifier>
      <Extensions>h;hh;hpp;hxx;hm;inl;inc;ipp;xsd</Extensions>
    </Filter>
    <Filter Include="OpenCL Kernels">
      <UniqueIdentifier>{6a9166b0-4c11-430d-bc34-baea3294b4e8}</UniqueIdentifier>
    </Filter>
    <Filter Include="Source Files\pugixml">
      <UniqueIdentifier>{f777d6ae-b282-48db-b3f5-ef81bc79dbda}</UniqueIdentifier>
    </Filter>
  </ItemGroup>
  <ItemGroup>
    <ClCompile Include="src\utils.cpp">
      <Filter>Source Files</Filter>
    </ClCompile>
    <ClCompile Include="src\xmlparser.cpp">
      <Filter>Source Files</Filter>
    </ClCompile>
    <ClCompile Include="src\handler.cpp">
      <Filter>Source Files</Filter>
    </ClCompile>
    <ClCompile Include="src\image.cpp">
      <Filter>Source Files</Filter>
    </ClCompile>
    <ClCompile Include="src\sensor.cpp">
      <Filter>Source Files</Filter>
    </ClCompile>
    <ClCompile Include="src\main.cpp" />
    <ClCompile Include="resources\pugixml-1.10\src\pugixml.cpp">
      <Filter>Source Files\pugixml</Filter>
    </ClCompile>
  </ItemGroup>
  <ItemGroup>
    <ClInclude Include="include\image.hpp">
      <Filter>Header Files</Filter>
    </ClInclude>
    <ClInclude Include="include\sensor.hpp">
      <Filter>Header Files</Filter>
    </ClInclude>
    <ClInclude Include="include\utils.hpp">
      <Filter>Header Files</Filter>
    </ClInclude>
    <ClInclude Include="include\xmlparser.hpp">
      <Filter>Header Files</Filter>
    </ClInclude>
    <ClInclude Include="include\filepaths.hpp">
      <Filter>Header Files</Filter>
    </ClInclude>
    <ClInclude Include="include\handler.hpp">
      <Filter>Header Files</Filter>
    </ClInclude>
    <ClInclude Include="include\common.hpp">
      <Filter>Header Files</Filter>
    </ClInclude>
  </ItemGroup>
  <ItemGroup>
    <None Include="..\OpenCLKernels\converttocube_reflectioncorrection.cl">
      <Filter>OpenCL Kernels</Filter>
    </None>
    <None Include="..\OpenCLKernels\spectralcorrection.cl">
      <Filter>OpenCL Kernels</Filter>
    </None>
    <None Include="..\OpenCLKernels\getoneband_colourmap.cl">
      <Filter>OpenCL Kernels</Filter>
    </None>
    <None Include="..\OpenCLKernels\offsetcorrection.cl">
      <Filter>OpenCL Kernels</Filter>
    </None>
  </ItemGroup>
</Project>